
Microsoft Visual Studio Solution File, Format Version 12.00
# Visual Studio Version 17
VisualStudioVersion = 17.5.2.0
MinimumVisualStudioVersion = 10.0.40219.1
Project("{FAE04EC0-301F-11D3-BF4B-00C04F79EFBC}") = "Kolbasin_lab1", "Kolbasin_lab1.csproj", "{D951ED02-00A9-9BEB-DB4E-D21C47D6D77E}"
EndProject
Project("{FAE04EC0-301F-11D3-BF4B-00C04F79EFBC}") = "Kolbasin.API", "Kolbasin.API\Kolbasin.API.csproj", "{2F588241-4EF3-4B16-AFCE-65C28FCB11D2}"
EndProject
Project("{FAE04EC0-301F-11D3-BF4B-00C04F79EFBC}") = "Kolbasin.Domain", "Kolbasin.Domain\Kolbasin.Domain.csproj", "{F560B9B8-3ACA-4EC2-9E1E-5BE4E34B2FE8}"
EndProject
Global
	GlobalSection(SolutionConfigurationPlatforms) = preSolution
		Debug|Any CPU = Debug|Any CPU
		Debug|x64 = Debug|x64
		Debug|x86 = Debug|x86
		Release|Any CPU = Release|Any CPU
		Release|x64 = Release|x64
		Release|x86 = Release|x86
	EndGlobalSection
	GlobalSection(ProjectConfigurationPlatforms) = postSolution
		{D951ED02-00A9-9BEB-DB4E-D21C47D6D77E}.Debug|Any CPU.ActiveCfg = Debug|Any CPU
		{D951ED02-00A9-9BEB-DB4E-D21C47D6D77E}.Debug|Any CPU.Build.0 = Debug|Any CPU
		{D951ED02-00A9-9BEB-DB4E-D21C47D6D77E}.Debug|x64.ActiveCfg = Debug|Any CPU
		{D951ED02-00A9-9BEB-DB4E-D21C47D6D77E}.Debug|x64.Build.0 = Debug|Any CPU
		{D951ED02-00A9-9BEB-DB4E-D21C47D6D77E}.Debug|x86.ActiveCfg = Debug|Any CPU
		{D951ED02-00A9-9BEB-DB4E-D21C47D6D77E}.Debug|x86.Build.0 = Debug|Any CPU
		{D951ED02-00A9-9BEB-DB4E-D21C47D6D77E}.Release|Any CPU.ActiveCfg = Release|Any CPU
		{D951ED02-00A9-9BEB-DB4E-D21C47D6D77E}.Release|Any CPU.Build.0 = Release|Any CPU
		{D951ED02-00A9-9BEB-DB4E-D21C47D6D77E}.Release|x64.ActiveCfg = Release|Any CPU
		{D951ED02-00A9-9BEB-DB4E-D21C47D6D77E}.Release|x64.Build.0 = Release|Any CPU
		{D951ED02-00A9-9BEB-DB4E-D21C47D6D77E}.Release|x86.ActiveCfg = Release|Any CPU
		{D951ED02-00A9-9BEB-DB4E-D21C47D6D77E}.Release|x86.Build.0 = Release|Any CPU
		{2F588241-4EF3-4B16-AFCE-65C28FCB11D2}.Debug|Any CPU.ActiveCfg = Debug|Any CPU
		{2F588241-4EF3-4B16-AFCE-65C28FCB11D2}.Debug|Any CPU.Build.0 = Debug|Any CPU
		{2F588241-4EF3-4B16-AFCE-65C28FCB11D2}.Debug|x64.ActiveCfg = Debug|Any CPU
		{2F588241-4EF3-4B16-AFCE-65C28FCB11D2}.Debug|x64.Build.0 = Debug|Any CPU
		{2F588241-4EF3-4B16-AFCE-65C28FCB11D2}.Debug|x86.ActiveCfg = Debug|Any CPU
		{2F588241-4EF3-4B16-AFCE-65C28FCB11D2}.Debug|x86.Build.0 = Debug|Any CPU
		{2F588241-4EF3-4B16-AFCE-65C28FCB11D2}.Release|Any CPU.ActiveCfg = Release|Any CPU
		{2F588241-4EF3-4B16-AFCE-65C28FCB11D2}.Release|Any CPU.Build.0 = Release|Any CPU
		{2F588241-4EF3-4B16-AFCE-65C28FCB11D2}.Release|x64.ActiveCfg = Release|Any CPU
		{2F588241-4EF3-4B16-AFCE-65C28FCB11D2}.Release|x64.Build.0 = Release|Any CPU
		{2F588241-4EF3-4B16-AFCE-65C28FCB11D2}.Release|x86.ActiveCfg = Release|Any CPU
		{2F588241-4EF3-4B16-AFCE-65C28FCB11D2}.Release|x86.Build.0 = Release|Any CPU
		{F560B9B8-3ACA-4EC2-9E1E-5BE4E34B2FE8}.Debug|Any CPU.ActiveCfg = Debug|Any CPU
		{F560B9B8-3ACA-4EC2-9E1E-5BE4E34B2FE8}.Debug|Any CPU.Build.0 = Debug|Any CPU
		{F560B9B8-3ACA-4EC2-9E1E-5BE4E34B2FE8}.Debug|x64.ActiveCfg = Debug|Any CPU
		{F560B9B8-3ACA-4EC2-9E1E-5BE4E34B2FE8}.Debug|x64.Build.0 = Debug|Any CPU
		{F560B9B8-3ACA-4EC2-9E1E-5BE4E34B2FE8}.Debug|x86.ActiveCfg = Debug|Any CPU
		{F560B9B8-3ACA-4EC2-9E1E-5BE4E34B2FE8}.Debug|x86.Build.0 = Debug|Any CPU
		{F560B9B8-3ACA-4EC2-9E1E-5BE4E34B2FE8}.Release|Any CPU.ActiveCfg = Release|Any CPU
		{F560B9B8-3ACA-4EC2-9E1E-5BE4E34B2FE8}.Release|Any CPU.Build.0 = Release|Any CPU
		{F560B9B8-3ACA-4EC2-9E1E-5BE4E34B2FE8}.Release|x64.ActiveCfg = Release|Any CPU
		{F560B9B8-3ACA-4EC2-9E1E-5BE4E34B2FE8}.Release|x64.Build.0 = Release|Any CPU
		{F560B9B8-3ACA-4EC2-9E1E-5BE4E34B2FE8}.Release|x86.ActiveCfg = Release|Any CPU
		{F560B9B8-3ACA-4EC2-9E1E-5BE4E34B2FE8}.Release|x86.Build.0 = Release|Any CPU
	EndGlobalSection
	GlobalSection(SolutionProperties) = preSolution
		HideSolutionNode = FALSE
	EndGlobalSection
	GlobalSection(ExtensibilityGlobals) = postSolution
		SolutionGuid = {28BDCD58-5A79-4373-B455-700BE94661E6}
	EndGlobalSection
EndGlobal
